
Microsoft Visual Studio Solution File, Format Version 11.00
# Visual Studio 2010
Project("{8BC9CEB8-8B4A-11D0-8D11-00A0C91BC942}") = "WuZiQi-AI-v0.2", "WuZiQi-AI-v0.2.vcxproj", "{CFD6A5B1-029A-4B8A-8FBD-53F4BF1F409D}"
EndProject
Global
	GlobalSection(SolutionConfigurationPlatforms) = preSolution
		Debug|Win32 = Debug|Win32
		Release|Win32 = Release|Win32
	EndGlobalSection
	GlobalSection(ProjectConfigurationPlatforms) = postSolution
		{CFD6A5B1-029A-4B8A-8FBD-53F4BF1F409D}.Debug|Win32.ActiveCfg = Debug|Win32
		{CFD6A5B1-029A-4B8A-8FBD-53F4BF1F409D}.Debug|Win32.Build.0 = Debug|Win32
		{CFD6A5B1-029A-4B8A-8FBD-53F4BF1F409D}.Release|Win32.ActiveCfg = Release|Win32
		{CFD6A5B1-029A-4B8A-8FBD-53F4BF1F409D}.Release|Win32.Build.0 = Release|Win32
	EndGlobalSection
	GlobalSection(SolutionProperties) = preSolution
		HideSolutionNode = FALSE
	EndGlobalSection
EndGlobal
